
Microsoft Visual Studio Solution File, Format Version 12.00
# Visual Studio Version 17
VisualStudioVersion = 17.2.32630.192
MinimumVisualStudioVersion = 10.0.40219.1
Project("{FAE04EC0-301F-11D3-BF4B-00C04F79EFBC}") = "SQA-BootCamp-contour-FYP", "SQA-BootCamp-contour-FYP\SQA-BootCamp-contour-FYP.csproj", "{2222CA2E-CECB-4515-AC55-F14ACBDD061B}"
EndProject
Project("{2150E333-8FDC-42A3-9474-1A3956D46DE8}") = "Solution Items", "Solution Items", "{F9C5A86A-2A10-4EA9-B4A7-F338263CF991}"
	ProjectSection(SolutionItems) = preProject
		Class1.cs = Class1.cs
	EndProjectSection
EndProject
Global
	GlobalSection(SolutionConfigurationPlatforms) = preSolution
		Debug|Any CPU = Debug|Any CPU
		Release|Any CPU = Release|Any CPU
	EndGlobalSection
	GlobalSection(ProjectConfigurationPlatforms) = postSolution
		{2222CA2E-CECB-4515-AC55-F14ACBDD061B}.Debug|Any CPU.ActiveCfg = Debug|Any CPU
		{2222CA2E-CECB-4515-AC55-F14ACBDD061B}.Debug|Any CPU.Build.0 = Debug|Any CPU
		{2222CA2E-CECB-4515-AC55-F14ACBDD061B}.Release|Any CPU.ActiveCfg = Release|Any CPU
		{2222CA2E-CECB-4515-AC55-F14ACBDD061B}.Release|Any CPU.Build.0 = Release|Any CPU
	EndGlobalSection
	GlobalSection(SolutionProperties) = preSolution
		HideSolutionNode = FALSE
	EndGlobalSection
	GlobalSection(ExtensibilityGlobals) = postSolution
		SolutionGuid = {540B92BA-111B-4620-B31E-872C046A27AA}
	EndGlobalSection
EndGlobal
